
Microsoft Visual Studio Solution File, Format Version 12.00
# Visual Studio Version 17
VisualStudioVersion = 17.2.32526.322
MinimumVisualStudioVersion = 10.0.40219.1
Project("{9A19103F-16F7-4668-BE54-9A1E7A4F7556}") = "Presentation", "src\Presentation\Presentation.csproj", "{AC3E2350-A86D-4E6F-B1D8-19F8A1CABE43}"
EndProject
Project("{9A19103F-16F7-4668-BE54-9A1E7A4F7556}") = "Domain", "src\Domain\Domain.csproj", "{3ADD44F0-2BCC-4063-A2E8-9F8F98E81EF3}"
EndProject
Project("{9A19103F-16F7-4668-BE54-9A1E7A4F7556}") = "Application", "src\Application\Application.csproj", "{83450A6C-8FC6-4208-AA99-161B97E906A7}"
EndProject
Project("{9A19103F-16F7-4668-BE54-9A1E7A4F7556}") = "Infrastructure", "src\Infrastructure\Infrastructure.csproj", "{FC576C34-520C-4F44-AC45-3C97440B3D89}"
EndProject
Project("{9A19103F-16F7-4668-BE54-9A1E7A4F7556}") = "Persistence", "src\Persistence\Persistence.csproj", "{77B84B20-7CF4-47F2-96ED-64341CFB4BCF}"
EndProject
Project("{2150E333-8FDC-42A3-9474-1A3956D46DE8}") = "src", "src", "{C5C6DB75-F9A9-4E2B-B6DF-27244D956C92}"
EndProject
Project("{2150E333-8FDC-42A3-9474-1A3956D46DE8}") = "test", "test", "{9D09B3EB-9C5A-4A5C-90CD-FB022FBA90D7}"
EndProject
Project("{9A19103F-16F7-4668-BE54-9A1E7A4F7556}") = "Domain.UnitTests", "test\Domain.UnitTests\Domain.UnitTests.csproj", "{1372574F-F5A3-48A3-A07C-45920FBBE2A2}"
EndProject
Project("{9A19103F-16F7-4668-BE54-9A1E7A4F7556}") = "Application.UnitTests", "test\Application.UnitTests\Application.UnitTests.csproj", "{E4A9E5B8-C934-4494-A582-AFB27DA15C04}"
EndProject
Project("{9A19103F-16F7-4668-BE54-9A1E7A4F7556}") = "Infrastructure.UnitTests", "test\Infrastructure.UnitTests\Infrastructure.UnitTests.csproj", "{E04BAE48-0622-44A3-86D2-BEC51F874901}"
EndProject
Global
	GlobalSection(SolutionConfigurationPlatforms) = preSolution
		Debug|Any CPU = Debug|Any CPU
		Release|Any CPU = Release|Any CPU
	EndGlobalSection
	GlobalSection(ProjectConfigurationPlatforms) = postSolution
		{AC3E2350-A86D-4E6F-B1D8-19F8A1CABE43}.Debug|Any CPU.ActiveCfg = Debug|Any CPU
		{AC3E2350-A86D-4E6F-B1D8-19F8A1CABE43}.Debug|Any CPU.Build.0 = Debug|Any CPU
		{AC3E2350-A86D-4E6F-B1D8-19F8A1CABE43}.Release|Any CPU.ActiveCfg = Release|Any CPU
		{AC3E2350-A86D-4E6F-B1D8-19F8A1CABE43}.Release|Any CPU.Build.0 = Release|Any CPU
		{3ADD44F0-2BCC-4063-A2E8-9F8F98E81EF3}.Debug|Any CPU.ActiveCfg = Debug|Any CPU
		{3ADD44F0-2BCC-4063-A2E8-9F8F98E81EF3}.Debug|Any CPU.Build.0 = Debug|Any CPU
		{3ADD44F0-2BCC-4063-A2E8-9F8F98E81EF3}.Release|Any CPU.ActiveCfg = Release|Any CPU
		{3ADD44F0-2BCC-4063-A2E8-9F8F98E81EF3}.Release|Any CPU.Build.0 = Release|Any CPU
		{83450A6C-8FC6-4208-AA99-161B97E906A7}.Debug|Any CPU.ActiveCfg = Debug|Any CPU
		{83450A6C-8FC6-4208-AA99-161B97E906A7}.Debug|Any CPU.Build.0 = Debug|Any CPU
		{83450A6C-8FC6-4208-AA99-161B97E906A7}.Release|Any CPU.ActiveCfg = Release|Any CPU
		{83450A6C-8FC6-4208-AA99-161B97E906A7}.Release|Any CPU.Build.0 = Release|Any CPU
		{FC576C34-520C-4F44-AC45-3C97440B3D89}.Debug|Any CPU.ActiveCfg = Debug|Any CPU
		{FC576C34-520C-4F44-AC45-3C97440B3D89}.Debug|Any CPU.Build.0 = Debug|Any CPU
		{FC576C34-520C-4F44-AC45-3C97440B3D89}.Release|Any CPU.ActiveCfg = Release|Any CPU
		{FC576C34-520C-4F44-AC45-3C97440B3D89}.Release|Any CPU.Build.0 = Release|Any CPU
		{77B84B20-7CF4-47F2-96ED-64341CFB4BCF}.Debug|Any CPU.ActiveCfg = Debug|Any CPU
		{77B84B20-7CF4-47F2-96ED-64341CFB4BCF}.Debug|Any CPU.Build.0 = Debug|Any CPU
		{77B84B20-7CF4-47F2-96ED-64341CFB4BCF}.Release|Any CPU.ActiveCfg = Release|Any CPU
		{77B84B20-7CF4-47F2-96ED-64341CFB4BCF}.Release|Any CPU.Build.0 = Release|Any CPU
		{1372574F-F5A3-48A3-A07C-45920FBBE2A2}.Debug|Any CPU.ActiveCfg = Debug|Any CPU
		{1372574F-F5A3-48A3-A07C-45920FBBE2A2}.Debug|Any CPU.Build.0 = Debug|Any CPU
		{1372574F-F5A3-48A3-A07C-45920FBBE2A2}.Release|Any CPU.ActiveCfg = Release|Any CPU
		{1372574F-F5A3-48A3-A07C-45920FBBE2A2}.Release|Any CPU.Build.0 = Release|Any CPU
		{E4A9E5B8-C934-4494-A582-AFB27DA15C04}.Debug|Any CPU.ActiveCfg = Debug|Any CPU
		{E4A9E5B8-C934-4494-A582-AFB27DA15C04}.Debug|Any CPU.Build.0 = Debug|Any CPU
		{E4A9E5B8-C934-4494-A582-AFB27DA15C04}.Release|Any CPU.ActiveCfg = Release|Any CPU
		{E4A9E5B8-C934-4494-A582-AFB27DA15C04}.Release|Any CPU.Build.0 = Release|Any CPU
		{E04BAE48-0622-44A3-86D2-BEC51F874901}.Debug|Any CPU.ActiveCfg = Debug|Any CPU
		{E04BAE48-0622-44A3-86D2-BEC51F874901}.Debug|Any CPU.Build.0 = Debug|Any CPU
		{E04BAE48-0622-44A3-86D2-BEC51F874901}.Release|Any CPU.ActiveCfg = Release|Any CPU
		{E04BAE48-0622-44A3-86D2-BEC51F874901}.Release|Any CPU.Build.0 = Release|Any CPU
	EndGlobalSection
	GlobalSection(SolutionProperties) = preSolution
		HideSolutionNode = FALSE
	EndGlobalSection
	GlobalSection(NestedProjects) = preSolution
		{AC3E2350-A86D-4E6F-B1D8-19F8A1CABE43} = {C5C6DB75-F9A9-4E2B-B6DF-27244D956C92}
		{3ADD44F0-2BCC-4063-A2E8-9F8F98E81EF3} = {C5C6DB75-F9A9-4E2B-B6DF-27244D956C92}
		{83450A6C-8FC6-4208-AA99-161B97E906A7} = {C5C6DB75-F9A9-4E2B-B6DF-27244D956C92}
		{FC576C34-520C-4F44-AC45-3C97440B3D89} = {C5C6DB75-F9A9-4E2B-B6DF-27244D956C92}
		{77B84B20-7CF4-47F2-96ED-64341CFB4BCF} = {C5C6DB75-F9A9-4E2B-B6DF-27244D956C92}
		{1372574F-F5A3-48A3-A07C-45920FBBE2A2} = {9D09B3EB-9C5A-4A5C-90CD-FB022FBA90D7}
		{E4A9E5B8-C934-4494-A582-AFB27DA15C04} = {9D09B3EB-9C5A-4A5C-90CD-FB022FBA90D7}
		{E04BAE48-0622-44A3-86D2-BEC51F874901} = {9D09B3EB-9C5A-4A5C-90CD-FB022FBA90D7}
	EndGlobalSection
	GlobalSection(ExtensibilityGlobals) = postSolution
		SolutionGuid = {6BBFF0F0-4187-4FF1-9599-3FFA0F8F4041}
	EndGlobalSection
EndGlobal
